
Microsoft Visual Studio Solution File, Format Version 12.00
# Visual Studio Version 17
VisualStudioVersion = 17.8.34601.278
MinimumVisualStudioVersion = 10.0.40219.1
Project("{9A19103F-16F7-4668-BE54-9A1E7A4F7556}") = "Khi Player", "Media Player\Khi Player.csproj", "{707B0A8F-A658-49CD-B018-8C92BE31FA3D}"
EndProject
Global
	GlobalSection(SolutionConfigurationPlatforms) = preSolution
		Debug|Any CPU = Debug|Any CPU
		Release|Any CPU = Release|Any CPU
	EndGlobalSection
	GlobalSection(ProjectConfigurationPlatforms) = postSolution
		{707B0A8F-A658-49CD-B018-8C92BE31FA3D}.Debug|Any CPU.ActiveCfg = Debug|Any CPU
		{707B0A8F-A658-49CD-B018-8C92BE31FA3D}.Debug|Any CPU.Build.0 = Debug|Any CPU
		{707B0A8F-A658-49CD-B018-8C92BE31FA3D}.Release|Any CPU.ActiveCfg = Release|Any CPU
		{707B0A8F-A658-49CD-B018-8C92BE31FA3D}.Release|Any CPU.Build.0 = Release|Any CPU
	EndGlobalSection
	GlobalSection(SolutionProperties) = preSolution
		HideSolutionNode = FALSE
	EndGlobalSection
	GlobalSection(ExtensibilityGlobals) = postSolution
		SolutionGuid = {A482DA59-2F7C-4104-B30F-C6A9D0455D19}
	EndGlobalSection
EndGlobal
